
Microsoft Visual Studio Solution File, Format Version 12.00
# Visual Studio Version 16
VisualStudioVersion = 16.0.32228.343
MinimumVisualStudioVersion = 10.0.40219.1
Project("{FAE04EC0-301F-11D3-BF4B-00C04F79EFBC}") = "NiftyEnum", "NiftyEnum.csproj", "{8DA8D851-702B-4820-BD17-01C3F1926F6D}"
EndProject
Project("{FAE04EC0-301F-11D3-BF4B-00C04F79EFBC}") = "NiftyEnumTest", "..\NiftyEnumTest\NiftyEnumTest.csproj", "{AD4E53FF-0369-44EF-83E5-5D6F2FD40EFD}"
EndProject
Global
	GlobalSection(SolutionConfigurationPlatforms) = preSolution
		Debug|Any CPU = Debug|Any CPU
		Release|Any CPU = Release|Any CPU
	EndGlobalSection
	GlobalSection(ProjectConfigurationPlatforms) = postSolution
		{8DA8D851-702B-4820-BD17-01C3F1926F6D}.Debug|Any CPU.ActiveCfg = Debug|Any CPU
		{8DA8D851-702B-4820-BD17-01C3F1926F6D}.Debug|Any CPU.Build.0 = Debug|Any CPU
		{8DA8D851-702B-4820-BD17-01C3F1926F6D}.Release|Any CPU.ActiveCfg = Release|Any CPU
		{8DA8D851-702B-4820-BD17-01C3F1926F6D}.Release|Any CPU.Build.0 = Release|Any CPU
		{AD4E53FF-0369-44EF-83E5-5D6F2FD40EFD}.Debug|Any CPU.ActiveCfg = Debug|Any CPU
		{AD4E53FF-0369-44EF-83E5-5D6F2FD40EFD}.Debug|Any CPU.Build.0 = Debug|Any CPU
		{AD4E53FF-0369-44EF-83E5-5D6F2FD40EFD}.Release|Any CPU.ActiveCfg = Release|Any CPU
		{AD4E53FF-0369-44EF-83E5-5D6F2FD40EFD}.Release|Any CPU.Build.0 = Release|Any CPU
	EndGlobalSection
	GlobalSection(SolutionProperties) = preSolution
		HideSolutionNode = FALSE
	EndGlobalSection
	GlobalSection(ExtensibilityGlobals) = postSolution
		SolutionGuid = {748BC495-5B8E-424A-83C9-C7BC268CA6CA}
	EndGlobalSection
EndGlobal
